
Microsoft Visual Studio Solution File, Format Version 12.00
# Visual Studio Version 16
VisualStudioVersion = 16.0.30028.174
MinimumVisualStudioVersion = 10.0.40219.1
Project("{8BC9CEB8-8B4A-11D0-8D11-00A0C91BC942}") = "VegKS", "VegKS.vcxproj", "{7B5172B1-63DA-4478-A683-93B3C31B289E}"
EndProject
Global
	GlobalSection(SolutionConfigurationPlatforms) = preSolution
		Debug|x64 = Debug|x64
		Debug|x86 = Debug|x86
		Release|x64 = Release|x64
		Release|x86 = Release|x86
	EndGlobalSection
	GlobalSection(ProjectConfigurationPlatforms) = postSolution
		{7B5172B1-63DA-4478-A683-93B3C31B289E}.Debug|x64.ActiveCfg = Debug|x64
		{7B5172B1-63DA-4478-A683-93B3C31B289E}.Debug|x64.Build.0 = Debug|x64
		{7B5172B1-63DA-4478-A683-93B3C31B289E}.Debug|x86.ActiveCfg = Debug|Win32
		{7B5172B1-63DA-4478-A683-93B3C31B289E}.Debug|x86.Build.0 = Debug|Win32
		{7B5172B1-63DA-4478-A683-93B3C31B289E}.Release|x64.ActiveCfg = Release|x64
		{7B5172B1-63DA-4478-A683-93B3C31B289E}.Release|x64.Build.0 = Release|x64
		{7B5172B1-63DA-4478-A683-93B3C31B289E}.Release|x86.ActiveCfg = Release|Win32
		{7B5172B1-63DA-4478-A683-93B3C31B289E}.Release|x86.Build.0 = Release|Win32
	EndGlobalSection
	GlobalSection(SolutionProperties) = preSolution
		HideSolutionNode = FALSE
	EndGlobalSection
	GlobalSection(ExtensibilityGlobals) = postSolution
		SolutionGuid = {D10C383B-1249-4A54-AC8A-F219CB667DD4}
	EndGlobalSection
EndGlobal
